{
  "meteor": {},
  "dependencies": {
    "basePackages": {
      "accounts-merge": {}
    },
    "packages": {
      "accounts-merge": {
        "git": "https://github.com/lirbank/meteor-accounts-merge.git",
        "tag": "v0.0.4",
        "commit": "d06b1b5e53356ca71a18e5824f480a0576aa7862"
      }
    }
  }
}
